{
  "lockfile_version": "1",
  "packages": {
    "actionlint@latest": {
      "last_modified": "2026-08-01T16:34:20Z",
      "resolved": "github:NixOS/nixpkgs/a5cbcfe954791221bfffe2307f7d1a1bf61a871e#actionlint",
      "source": "devbox-search",
      "version": "1.7.12",
      "systems": {
        "aarch64-darwin": {
          "outputs": [
            {
              "name": "out",
              "path": "/nix/store/l88fm1fh4i2nv2f3nx1gsyf92g4fma0i-actionlint-1.7.12",
              "default": true
            }
          ],
          "store_path": "/nix/store/l88fm1fh4i2nv2f3nx1gsyf92g4fma0i-actionlint-1.7.12"
        },
        "aarch64-linux": {
          "outputs": [
            {
              "name": "out",
              "path": "/nix/store/ng89mfyl4bkykgnvqcnzl2pyisybhkzd-actionlint-1.7.12",
              "default": true
            }
          ],
          "store_path": "/nix/store/ng89mfyl4bkykgnvqcnzl2pyisybhkzd-actionlint-1.7.12"
        },
        "x86_64-darwin": {
          "outputs": [
            {
              "name": "out",
              "path": "/nix/store/w4rjv0ikr5r5x54w758c8ck2016nmzsx-actionlint-1.7.12",
              "default": true
            }
          ],
          "store_path": "/nix/store/w4rjv0ikr5r5x54w758c8ck2016nmzsx-actionlint-1.7.12"
        },
        "x86_64-linux": {
          "outputs": [
            {
              "name": "out",
              "path": "/nix/store/gsa888rwb1bbicfw87y6bsvbfcxcl073-actionlint-1.7.12",
              "default": true
            }
          ],
          "store_path": "/nix/store/gsa888rwb1bbicfw87y6bsvbfcxcl073-actionlint-1.7.12"
        }
      }
    },
    "curl@latest": {
      "last_modified": "2025-12-05T15:03:55Z",
      "resolved": "github:NixOS/nixpkgs/a672be65651c80d3f592a89b3945466584a22069#curl",
      "source": "devbox-search",
      "version": "8.17.0",
      "systems": {
        "aarch64-darwin": {
          "outputs": [
            {
              "name": "bin",
              "path": "/nix/store/qfwqcndy8bji6xww0gizclf2nqi2qpph-curl-8.17.0-bin",
              "default": true
            },
            {
              "name": "man",
              "path": "/nix/store/rk815zvrhwzbi7c6d589v2mhxzyzb400-curl-8.17.0-man",
              "default": true
            },
            {
              "name": "dev",
              "path": "/nix/store/ydp55g2mbd6rk6lfw0krkk3jwgdiqj5d-curl-8.17.0-dev"
            },
            {
              "name": "devdoc",
              "path": "/nix/store/8s884m82fmrbiyz8malglqc4sd632dkc-curl-8.17.0-devdoc"
            },
            {
              "name": "out",
              "path": "/nix/store/yxv8fxaz0fyhc31dv3rz89kc50zw5hgj-curl-8.17.0"
            }
          ],
          "store_path": "/nix/store/qfwqcndy8bji6xww0gizclf2nqi2qpph-curl-8.17.0-bin"
        },
        "aarch64-linux": {
          "outputs": [
            {
              "name": "bin",
              "path": "/nix/store/4x19j6zihdl6pya63xs8g360f2r614sx-curl-8.17.0-bin",
              "default": true
            },
            {
              "name": "man",
              "path": "/nix/store/b29qbmbfvzkm34k0jnj8ykqg2gzj3rdy-curl-8.17.0-man",
              "default": true
            },
            {
              "name": "debug",
              "path": "/nix/store/5hmbdk99knmbg8b0fzh96bv6bkcf6v5i-curl-8.17.0-debug"
            },
            {
              "name": "dev",
              "path": "/nix/store/iqs9mjscns3h5npgkrhgr5xa7qzwd0si-curl-8.17.0-dev"
            },
            {
              "name": "devdoc",
              "path": "/nix/store/1fwncv08c8g78k3hj3cj375vx92ndrp8-curl-8.17.0-devdoc"
            },
            {
              "name": "out",
              "path": "/nix/store/b0a6qc92vybjiggh0kg387cg0zp3kl6j-curl-8.17.0"
            }
          ],
          "store_path": "/nix/store/4x19j6zihdl6pya63xs8g360f2r614sx-curl-8.17.0-bin"
        },
        "x86_64-darwin": {
          "outputs": [
            {
              "name": "bin",
              "path": "/nix/store/w2336wv560g1n58cwashmmczdn3bfkq1-curl-8.17.0-bin",
              "default": true
            },
            {
              "name": "man",
              "path": "/nix/store/i6xmhcan8g4abda7ivv20nvwxrsssjqj-curl-8.17.0-man",
              "default": true
            },
            {
              "name": "devdoc",
              "path": "/nix/store/ipa7v9z7pjcnnv0fmdya1fldcxv0a28z-curl-8.17.0-devdoc"
            },
            {
              "name": "out",
              "path": "/nix/store/x9gyg634fi8mgcyay9mqa1ral7xg72fm-curl-8.17.0"
            },
            {
              "name": "dev",
              "path": "/nix/store/39zfdgq9kg3mb4sycf8pj4pdssrzki6c-curl-8.17.0-dev"
            }
          ],
          "store_path": "/nix/store/w2336wv560g1n58cwashmmczdn3bfkq1-curl-8.17.0-bin"
        },
        "x86_64-linux": {
          "outputs": [
            {
              "name": "bin",
              "path": "/nix/store/0rfz69vp1nl0q2hxzig20hc60sk72z62-curl-8.17.0-bin",
              "default": true
            },
            {
              "name": "man",
              "path": "/nix/store/ijd0yybyzwm98d3q6x7a9cyixgxk0i5d-curl-8.17.0-man",
              "default": true
            },
            {
              "name": "debug",
              "path": "/nix/store/h1fxw0xrifxvbhcp7b8hxsgirxxxfzav-curl-8.17.0-debug"
            },
            {
              "name": "dev",
              "path": "/nix/store/ikmdk37frjdblkba3wl3xws2wwgln17x-curl-8.17.0-dev"
            },
            {
              "name": "devdoc",
              "path": "/nix/store/jm6irg81cc0hqg43l39lkxr6pb0w2xk5-curl-8.17.0-devdoc"
            },
            {
              "name": "out",
              "path": "/nix/store/8idis3j5l13c3x74jl8xly0k4qyk9mx6-curl-8.17.0"
            }
          ],
          "store_path": "/nix/store/0rfz69vp1nl0q2hxzig20hc60sk72z62-curl-8.17.0-bin"
        }
      }
    },
    "github:NixOS/nixpkgs/nixpkgs-unstable": {
      "last_modified": "2026-08-10T07:49:06Z",
      "resolved": "github:NixOS/nixpkgs/d482ef84049d9b7276b83a06e4e4d76983830097?lastModified=1786348146&narHash=sha256-we5zDEFfn8TgzeWKjKDMIjeQZ59omEPl23NIF%2B13%2Fys%3D"
    },
    "go-task@latest": {
      "last_modified": "2026-08-01T16:34:20Z",
      "resolved": "github:NixOS/nixpkgs/a5cbcfe954791221bfffe2307f7d1a1bf61a871e#go-task",
      "source": "devbox-search",
      "version": "3.48.0",
      "systems": {
        "aarch64-darwin": {
          "outputs": [
            {
              "name": "out",
              "path": "/nix/store/wz6jrv59c01rqzaij5qri7ml7xw69jhh-go-task-3.48.0",
              "default": true
            }
          ],
          "store_path": "/nix/store/wz6jrv59c01rqzaij5qri7ml7xw69jhh-go-task-3.48.0"
        },
        "aarch64-linux": {
          "outputs": [
            {
              "name": "out",
              "path": "/nix/store/9sra1gbcfli5hy0as8wwp13c1gi5prw6-go-task-3.48.0",
              "default": true
            }
          ],
          "store_path": "/nix/store/9sra1gbcfli5hy0as8wwp13c1gi5prw6-go-task-3.48.0"
        },
        "x86_64-darwin": {
          "outputs": [
            {
              "name": "out",
              "path": "/nix/store/q7mxf9b9kcphb3lxrzn4mqazb9nrvlnz-go-task-3.48.0",
              "default": true
            }
          ],
          "store_path": "/nix/store/q7mxf9b9kcphb3lxrzn4mqazb9nrvlnz-go-task-3.48.0"
        },
        "x86_64-linux": {
          "outputs": [
            {
              "name": "out",
              "path": "/nix/store/72lkcbkm5ki6af8dwy95nxqyv4g4lw2b-go-task-3.48.0",
              "default": true
            }
          ],
          "store_path": "/nix/store/72lkcbkm5ki6af8dwy95nxqyv4g4lw2b-go-task-3.48.0"
        }
      }
    },
    "go@1.26": {
      "last_modified": "2026-08-01T16:34:20Z",
      "resolved": "github:NixOS/nixpkgs/a5cbcfe954791221bfffe2307f7d1a1bf61a871e#go",
      "source": "devbox-search",
      "version": "1.26.5",
      "systems": {
        "aarch64-darwin": {
          "outputs": [
            {
              "name": "out",
              "path": "/nix/store/8g06ffyaas333hzhsjcd50nqbsldqjhh-go-1.26.5",
              "default": true
            }
          ],
          "store_path": "/nix/store/8g06ffyaas333hzhsjcd50nqbsldqjhh-go-1.26.5"
        },
        "aarch64-linux": {
          "outputs": [
            {
              "name": "out",
              "path": "/nix/store/p8wbwrmaqggbg1griwkcjag8lbkgz0qg-go-1.26.5",
              "default": true
            }
          ],
          "store_path": "/nix/store/p8wbwrmaqggbg1griwkcjag8lbkgz0qg-go-1.26.5"
        },
        "x86_64-linux": {
          "outputs": [
            {
              "name": "out",
              "path": "/nix/store/pwj3x44pp735yb038fnmqckyyra9k29x-go-1.26.5",
              "default": true
            }
          ],
          "store_path": "/nix/store/pwj3x44pp735yb038fnmqckyyra9k29x-go-1.26.5"
        }
      }
    },
    "golangci-lint@latest": {
      "last_modified": "2026-08-01T16:34:20Z",
      "resolved": "github:NixOS/nixpkgs/a5cbcfe954791221bfffe2307f7d1a1bf61a871e#golangci-lint",
      "source": "devbox-search",
      "version": "2.12.2",
      "systems": {
        "aarch64-darwin": {
          "outputs": [
            {
              "name": "out",
              "path": "/nix/store/5k9pgckbazjqdaayv80l5zya9pm02gf2-golangci-lint-2.12.2",
              "default": true
            }
          ],
          "store_path": "/nix/store/5k9pgckbazjqdaayv80l5zya9pm02gf2-golangci-lint-2.12.2"
        },
        "aarch64-linux": {
          "outputs": [
            {
              "name": "out",
              "path": "/nix/store/k5x4k34n6n9nks864kj2l0wq7yxgbgc1-golangci-lint-2.12.2",
              "default": true
            }
          ],
          "store_path": "/nix/store/k5x4k34n6n9nks864kj2l0wq7yxgbgc1-golangci-lint-2.12.2"
        },
        "x86_64-darwin": {
          "outputs": [
            {
              "name": "out",
              "path": "/nix/store/w8c3i6vmxnnj0xixvjsa9lva3rcd2rvs-golangci-lint-2.12.2",
              "default": true
            }
          ],
          "store_path": "/nix/store/w8c3i6vmxnnj0xixvjsa9lva3rcd2rvs-golangci-lint-2.12.2"
        },
        "x86_64-linux": {
          "outputs": [
            {
              "name": "out",
              "path": "/nix/store/332lphhv9mzrk85hfkfiamb1m7ylzvzi-golangci-lint-2.12.2",
              "default": true
            }
          ],
          "store_path": "/nix/store/332lphhv9mzrk85hfkfiamb1m7ylzvzi-golangci-lint-2.12.2"
        }
      }
    },
    "hadolint@latest": {
      "last_modified": "2026-08-01T16:34:20Z",
      "resolved": "github:NixOS/nixpkgs/a5cbcfe954791221bfffe2307f7d1a1bf61a871e#hadolint",
      "source": "devbox-search",
      "version": "2.14.0",
      "systems": {
        "aarch64-darwin": {
          "outputs": [
            {
              "name": "out",
              "path": "/nix/store/cjq2gq6vqa4kb7gnbj733hxdni3l6r3z-hadolint-2.14.0",
              "default": true
            }
          ],
          "store_path": "/nix/store/cjq2gq6vqa4kb7gnbj733hxdni3l6r3z-hadolint-2.14.0"
        },
        "aarch64-linux": {
          "outputs": [
            {
              "name": "out",
              "path": "/nix/store/fq1gmpajsvrbskxz6h5q5xik3v1d3gnl-hadolint-2.14.0",
              "default": true
            }
          ],
          "store_path": "/nix/store/fq1gmpajsvrbskxz6h5q5xik3v1d3gnl-hadolint-2.14.0"
        },
        "x86_64-darwin": {
          "outputs": [
            {
              "name": "out",
              "path": "/nix/store/yhsx11swls4qs6pxcvvhccjxa1p7zvyl-hadolint-2.14.0",
              "default": true
            }
          ],
          "store_path": "/nix/store/yhsx11swls4qs6pxcvvhccjxa1p7zvyl-hadolint-2.14.0"
        },
        "x86_64-linux": {
          "outputs": [
            {
              "name": "out",
              "path": "/nix/store/gg0zllfabq395d8i6vyn3ljbavfh4d1p-hadolint-2.14.0",
              "default": true
            }
          ],
          "store_path": "/nix/store/gg0zllfabq395d8i6vyn3ljbavfh4d1p-hadolint-2.14.0"
        }
      }
    },
    "jq@latest": {
      "last_modified": "2026-08-05T07:53:23Z",
      "resolved": "github:NixOS/nixpkgs/3a971fa2e67dcb0f2f2cfed2d37e7956567d73d1#jq",
      "source": "devbox-search",
      "version": "1.8.2",
      "systems": {
        "aarch64-darwin": {
          "outputs": [
            {
              "name": "bin",
              "path": "/nix/store/si622aj9znsy96kdwsrg54dxzp9m35qw-jq-1.8.2-bin",
              "default": true
            },
            {
              "name": "man",
              "path": "/nix/store/jp2c61il2ycagni1j5c1jrglnypvbf5k-jq-1.8.2-man",
              "default": true
            },
            {
              "name": "dev",
              "path": "/nix/store/zcvl9cnw5a44f74gw8aa8fh8cfynjc76-jq-1.8.2-dev"
            },
            {
              "name": "doc",
              "path": "/nix/store/4s66blj2afdqbzaq8ilw30v7kpjb6ypw-jq-1.8.2-doc"
            },
            {
              "name": "out",
              "path": "/nix/store/z28yr7h99fi3mch4dh3bc50bjk6malsl-jq-1.8.2"
            }
          ],
          "store_path": "/nix/store/si622aj9znsy96kdwsrg54dxzp9m35qw-jq-1.8.2-bin"
        },
        "aarch64-linux": {
          "outputs": [
            {
              "name": "bin",
              "path": "/nix/store/rjaclwgima9ssysv7v0h2hq46g8sikd4-jq-1.8.2-bin",
              "default": true
            },
            {
              "name": "man",
              "path": "/nix/store/1w15pijismpwnainv71a6pdnsypjnqg7-jq-1.8.2-man",
              "default": true
            },
            {
              "name": "dev",
              "path": "/nix/store/yy0mx8yjmzkk154mmp1vx4b0kz0ndw6y-jq-1.8.2-dev"
            },
            {
              "name": "doc",
              "path": "/nix/store/yqx0xva9dq6rnvxgwcadrmni1l8ympa1-jq-1.8.2-doc"
            },
            {
              "name": "out",
              "path": "/nix/store/0x995g1z807ynhzsh2f6yj0jsw6pr50f-jq-1.8.2"
            }
          ],
          "store_path": "/nix/store/rjaclwgima9ssysv7v0h2hq46g8sikd4-jq-1.8.2-bin"
        },
        "x86_64-linux": {
          "outputs": [
            {
              "name": "bin",
              "path": "/nix/store/4b6f9wb1qak318gk7mxlfkhril6lxpcx-jq-1.8.2-bin",
              "default": true
            },
            {
              "name": "man",
              "path": "/nix/store/4zwaa20khsi2drbg16i5z3wxbjf88mm6-jq-1.8.2-man",
              "default": true
            },
            {
              "name": "dev",
              "path": "/nix/store/sp8a7n50g32lzzsc7dz09ry2vc9bh4y0-jq-1.8.2-dev"
            },
            {
              "name": "doc",
              "path": "/nix/store/dp4rs4vpwp44c7vvgskj1hly0d6xqf2m-jq-1.8.2-doc"
            },
            {
              "name": "out",
              "path": "/nix/store/z438hrlp3j75bpmq87ymzabb8vrda8ps-jq-1.8.2"
            }
          ],
          "store_path": "/nix/store/4b6f9wb1qak318gk7mxlfkhril6lxpcx-jq-1.8.2-bin"
        }
      }
    },
    "kubernetes-helm@latest": {
      "last_modified": "2026-08-01T16:34:20Z",
      "resolved": "github:NixOS/nixpkgs/a5cbcfe954791221bfffe2307f7d1a1bf61a871e#kubernetes-helm",
      "source": "devbox-search",
      "version": "4.2.3",
      "systems": {
        "aarch64-darwin": {
          "outputs": [
            {
              "name": "out",
              "path": "/nix/store/zxlrdn6fsss4s2i496np7kdrwy92261j-kubernetes-helm-4.2.3",
              "default": true
            }
          ],
          "store_path": "/nix/store/zxlrdn6fsss4s2i496np7kdrwy92261j-kubernetes-helm-4.2.3"
        },
        "aarch64-linux": {
          "outputs": [
            {
              "name": "out",
              "path": "/nix/store/3m7a0rmsr6k5hs0xl2ym6kiv4iqgwypj-kubernetes-helm-4.2.3",
              "default": true
            }
          ],
          "store_path": "/nix/store/3m7a0rmsr6k5hs0xl2ym6kiv4iqgwypj-kubernetes-helm-4.2.3"
        },
        "x86_64-linux": {
          "outputs": [
            {
              "name": "out",
              "path": "/nix/store/wkb6xckn077grj4jqb6z6wgmwzj7g1xr-kubernetes-helm-4.2.3",
              "default": true
            }
          ],
          "store_path": "/nix/store/wkb6xckn077grj4jqb6z6wgmwzj7g1xr-kubernetes-helm-4.2.3"
        }
      }
    },
    "lefthook@latest": {
      "last_modified": "2026-08-01T16:34:20Z",
      "resolved": "github:NixOS/nixpkgs/a5cbcfe954791221bfffe2307f7d1a1bf61a871e#lefthook",
      "source": "devbox-search",
      "version": "2.1.10",
      "systems": {
        "aarch64-darwin": {
          "outputs": [
            {
              "name": "out",
              "path": "/nix/store/wj8k8cws8h9r9ysvmr1w60aniaal8c0y-lefthook-2.1.10",
              "default": true
            }
          ],
          "store_path": "/nix/store/wj8k8cws8h9r9ysvmr1w60aniaal8c0y-lefthook-2.1.10"
        },
        "aarch64-linux": {
          "outputs": [
            {
              "name": "out",
              "path": "/nix/store/bi1y28x37nrpdjddkipnaghmnpxarhwg-lefthook-2.1.10",
              "default": true
            }
          ],
          "store_path": "/nix/store/bi1y28x37nrpdjddkipnaghmnpxarhwg-lefthook-2.1.10"
        },
        "x86_64-linux": {
          "outputs": [
            {
              "name": "out",
              "path": "/nix/store/hc7prw1l4xqipvw4a4gr4p65h50skdpy-lefthook-2.1.10",
              "default": true
            }
          ],
          "store_path": "/nix/store/hc7prw1l4xqipvw4a4gr4p65h50skdpy-lefthook-2.1.10"
        }
      }
    },
    "nodejs@24": {
      "last_modified": "2025-12-29T16:45:58Z",
      "plugin_version": "0.0.4",
      "resolved": "github:NixOS/nixpkgs/346dd96ad74dc4457a9db9de4f4f57dab2e5731d#nodejs_24",
      "source": "devbox-search",
      "version": "24.12.0",
      "systems": {
        "aarch64-darwin": {
          "outputs": [
            {
              "name": "out",
              "path": "/nix/store/b1h0af3yb3z9jz048phclcqw6ihiww67-nodejs-24.12.0",
              "default": true
            },
            {
              "name": "dev",
              "path": "/nix/store/ksn4nj0nbp0ikmh4scy9x4biqqdswwhy-nodejs-24.12.0-dev"
            },
            {
              "name": "libv8",
              "path": "/nix/store/3x72bm7l30ib7l7cximrp0sklcq8jqwy-nodejs-24.12.0-libv8"
            }
          ],
          "store_path": "/nix/store/b1h0af3yb3z9jz048phclcqw6ihiww67-nodejs-24.12.0"
        },
        "aarch64-linux": {
          "outputs": [
            {
              "name": "out",
              "path": "/nix/store/9jfsyhcr9c6rpm94lrkibv75jkggvwss-nodejs-24.12.0",
              "default": true
            },
            {
              "name": "dev",
              "path": "/nix/store/7izhv9x1yvsmyrhmmyps6bxjjclajm80-nodejs-24.12.0-dev"
            },
            {
              "name": "libv8",
              "path": "/nix/store/8hl74pnc1qyz68rg10ixw7fz32hcxqkk-nodejs-24.12.0-libv8"
            }
          ],
          "store_path": "/nix/store/9jfsyhcr9c6rpm94lrkibv75jkggvwss-nodejs-24.12.0"
        },
        "x86_64-darwin": {
          "outputs": [
            {
              "name": "out",
              "path": "/nix/store/cj1243xswxvnwgifyiyg8axhn0r2vl48-nodejs-24.12.0",
              "default": true
            },
            {
              "name": "dev",
              "path": "/nix/store/kzia3rkaf9vwpn3py23q9v49jpjm6zx7-nodejs-24.12.0-dev"
            },
            {
              "name": "libv8",
              "path": "/nix/store/xszji81xj7ghjhz7jk0jkhb84nfwyd8f-nodejs-24.12.0-libv8"
            }
          ],
          "store_path": "/nix/store/cj1243xswxvnwgifyiyg8axhn0r2vl48-nodejs-24.12.0"
        },
        "x86_64-linux": {
          "outputs": [
            {
              "name": "out",
              "path": "/nix/store/9z1v3wyrxp6fpyzw21lcakd5w7aknzyc-nodejs-24.12.0",
              "default": true
            },
            {
              "name": "libv8",
              "path": "/nix/store/5yvx909wlis13qd2y1ahwl7ij21ma69a-nodejs-24.12.0-libv8"
            },
            {
              "name": "dev",
              "path": "/nix/store/7ll99p08gmpg0n048669p80zjibl5akr-nodejs-24.12.0-dev"
            }
          ],
          "store_path": "/nix/store/9z1v3wyrxp6fpyzw21lcakd5w7aknzyc-nodejs-24.12.0"
        }
      }
    },
    "pnpm@latest": {
      "last_modified": "2026-08-07T10:21:50Z",
      "resolved": "github:NixOS/nixpkgs/afb4584a80bbf779ce0f691509ff902d188c2b3d#pnpm",
      "source": "devbox-search",
      "version": "11.20.0",
      "systems": {
        "aarch64-darwin": {
          "outputs": [
            {
              "name": "out",
              "path": "/nix/store/hz6vyqjjv3s9ldyrj0dbjkb4iihgq54b-pnpm-11.20.0",
              "default": true
            }
          ],
          "store_path": "/nix/store/hz6vyqjjv3s9ldyrj0dbjkb4iihgq54b-pnpm-11.20.0"
        },
        "aarch64-linux": {
          "outputs": [
            {
              "name": "out",
              "path": "/nix/store/13k1dpyr13fdcawsqlbpkbsb3j1jvjw9-pnpm-11.20.0",
              "default": true
            }
          ],
          "store_path": "/nix/store/13k1dpyr13fdcawsqlbpkbsb3j1jvjw9-pnpm-11.20.0"
        },
        "x86_64-linux": {
          "outputs": [
            {
              "name": "out",
              "path": "/nix/store/9fa6mafvkmid11za3h07i5k93kxk4jbf-pnpm-11.20.0",
              "default": true
            }
          ],
          "store_path": "/nix/store/9fa6mafvkmid11za3h07i5k93kxk4jbf-pnpm-11.20.0"
        }
      }
    },
    "shellcheck@latest": {
      "last_modified": "2026-08-01T16:34:20Z",
      "resolved": "github:NixOS/nixpkgs/a5cbcfe954791221bfffe2307f7d1a1bf61a871e#shellcheck",
      "source": "devbox-search",
      "version": "0.11.0",
      "systems": {
        "aarch64-darwin": {
          "outputs": [
            {
              "name": "bin",
              "path": "/nix/store/bpnm0dhzawhjfwf2ckrrcdlfvdsw95ph-shellcheck-0.11.0-bin",
              "default": true
            },
            {
              "name": "man",
              "path": "/nix/store/khakyjg0yw4sys480wm881nvqysz3d5v-shellcheck-0.11.0-man",
              "default": true
            },
            {
              "name": "doc",
              "path": "/nix/store/qp04zg74kp3mwh04c018g25fbm3frpai-shellcheck-0.11.0-doc",
              "default": true
            },
            {
              "name": "out",
              "path": "/nix/store/fy98rkywpazyxvk8h7gp0fv6rql89g52-shellcheck-0.11.0"
            }
          ],
          "store_path": "/nix/store/bpnm0dhzawhjfwf2ckrrcdlfvdsw95ph-shellcheck-0.11.0-bin"
        },
        "aarch64-linux": {
          "outputs": [
            {
              "name": "bin",
              "path": "/nix/store/rhw0nfijvbqxcal3d8qb5l29pvzh4r9j-shellcheck-0.11.0-bin",
              "default": true
            },
            {
              "name": "man",
              "path": "/nix/store/9j5y0hx7rpcnw62gxqiljz29dw7czr2q-shellcheck-0.11.0-man",
              "default": true
            },
            {
              "name": "doc",
              "path": "/nix/store/gb8cs9ywrvlfhbj0gc8v3a5g3qwiwkyj-shellcheck-0.11.0-doc",
              "default": true
            },
            {
              "name": "out",
              "path": "/nix/store/9lckd2wgr97qga5sdzhfza0yi36ndrhd-shellcheck-0.11.0"
            }
          ],
          "store_path": "/nix/store/rhw0nfijvbqxcal3d8qb5l29pvzh4r9j-shellcheck-0.11.0-bin"
        },
        "x86_64-darwin": {
          "outputs": [
            {
              "name": "bin",
              "path": "/nix/store/68yldspq5p1gxa79ghprb1njskk36ax2-shellcheck-0.11.0-bin",
              "default": true
            },
            {
              "name": "man",
              "path": "/nix/store/90d8x14kmdq8fa12d5azjwdnp4z55q8b-shellcheck-0.11.0-man",
              "default": true
            },
            {
              "name": "doc",
              "path": "/nix/store/4sk9v7wwdh2sia6wi3rknvvvm52wqg6r-shellcheck-0.11.0-doc",
              "default": true
            },
            {
              "name": "out",
              "path": "/nix/store/crl9a7fkfbpjbzgwj5nwpj57bmj7z940-shellcheck-0.11.0"
            }
          ],
          "store_path": "/nix/store/68yldspq5p1gxa79ghprb1njskk36ax2-shellcheck-0.11.0-bin"
        },
        "x86_64-linux": {
          "outputs": [
            {
              "name": "bin",
              "path": "/nix/store/zmhypak4grhrashgl04sxkga3drsm2nm-shellcheck-0.11.0-bin",
              "default": true
            },
            {
              "name": "man",
              "path": "/nix/store/h8552kbc86rddm2skwiaqvmqp2ff1jci-shellcheck-0.11.0-man",
              "default": true
            },
            {
              "name": "doc",
              "path": "/nix/store/fhd1gdv56sjbmh3is1y4w1hd6pn45xfk-shellcheck-0.11.0-doc",
              "default": true
            },
            {
              "name": "out",
              "path": "/nix/store/mzfla28ba85v252h0gya6is1pn45bl6a-shellcheck-0.11.0"
            }
          ],
          "store_path": "/nix/store/zmhypak4grhrashgl04sxkga3drsm2nm-shellcheck-0.11.0-bin"
        }
      }
    },
    "yamllint@latest": {
      "last_modified": "2026-08-01T16:34:20Z",
      "resolved": "github:NixOS/nixpkgs/a5cbcfe954791221bfffe2307f7d1a1bf61a871e#yamllint",
      "source": "devbox-search",
      "version": "1.37.1",
      "systems": {
        "aarch64-darwin": {
          "outputs": [
            {
              "name": "out",
              "path": "/nix/store/hki0p39kpsagfi5mdw63dz5yl1mch92z-python3.14-yamllint-1.37.1",
              "default": true
            },
            {
              "name": "dist",
              "path": "/nix/store/3yrw7i85ynjm6rpzrj19xsmhlp8h2qpj-python3.14-yamllint-1.37.1-dist"
            }
          ],
          "store_path": "/nix/store/hki0p39kpsagfi5mdw63dz5yl1mch92z-python3.14-yamllint-1.37.1"
        },
        "aarch64-linux": {
          "outputs": [
            {
              "name": "out",
              "path": "/nix/store/qcbvha4d28mcd0ph4jh6jbsym47fcc88-python3.14-yamllint-1.37.1",
              "default": true
            },
            {
              "name": "dist",
              "path": "/nix/store/hsnlkd6d17wgxp4wf0qxwfyskfmcar4j-python3.14-yamllint-1.37.1-dist"
            }
          ],
          "store_path": "/nix/store/qcbvha4d28mcd0ph4jh6jbsym47fcc88-python3.14-yamllint-1.37.1"
        },
        "x86_64-darwin": {
          "outputs": [
            {
              "name": "out",
              "path": "/nix/store/bif9hvk42ynby7sdw88lax0j51kzlr2n-python3.13-yamllint-1.37.1",
              "default": true
            },
            {
              "name": "dist",
              "path": "/nix/store/qa1dq7xly19afgn165nf6572b3q61w1s-python3.13-yamllint-1.37.1-dist"
            }
          ],
          "store_path": "/nix/store/bif9hvk42ynby7sdw88lax0j51kzlr2n-python3.13-yamllint-1.37.1"
        },
        "x86_64-linux": {
          "outputs": [
            {
              "name": "out",
              "path": "/nix/store/aafajahyz82v69z5qx4sqpspyy77b2q6-python3.14-yamllint-1.37.1",
              "default": true
            },
            {
              "name": "dist",
              "path": "/nix/store/q6xjc5vd2lhqx5s5cd4kyc3lnl12bigf-python3.14-yamllint-1.37.1-dist"
            }
          ],
          "store_path": "/nix/store/aafajahyz82v69z5qx4sqpspyy77b2q6-python3.14-yamllint-1.37.1"
        }
      }
    }
  }
}
